Microsoft Visual Studio Solution File, Format Version 11.00
# Visual Studio 2008

Project("{F9F315DE-9049-2C82-5930-7985379C2A4E}") = "MW", "Assembly-CSharp.csproj", "{C225E09A-38C8-13F0-ACF0-558836044F8C}"
EndProject
Project("{F9F315DE-9049-2C82-5930-7985379C2A4E}") = "MW", "Assembly-CSharp-Editor.csproj", "{B2308C41-68B0-417B-6530-561F9C2358A9}"
EndProject
Global
	GlobalSection(SolutionConfigurationPlatforms) = preSolution
		Debug|Any CPU = Debug|Any CPU
		Release|Any CPU = Release|Any CPU
	EndGlobalSection
	GlobalSection(ProjectConfigurationPlatforms) = postSolution
		{C225E09A-38C8-13F0-ACF0-558836044F8C}.Debug|Any CPU.ActiveCfg = Debug|Any CPU
		{C225E09A-38C8-13F0-ACF0-558836044F8C}.Debug|Any CPU.Build.0 = Debug|Any CPU
		{C225E09A-38C8-13F0-ACF0-558836044F8C}.Release|Any CPU.ActiveCfg = Release|Any CPU
		{C225E09A-38C8-13F0-ACF0-558836044F8C}.Release|Any CPU.Build.0 = Release|Any CPU
		{B2308C41-68B0-417B-6530-561F9C2358A9}.Debug|Any CPU.ActiveCfg = Debug|Any CPU
		{B2308C41-68B0-417B-6530-561F9C2358A9}.Debug|Any CPU.Build.0 = Debug|Any CPU
		{B2308C41-68B0-417B-6530-561F9C2358A9}.Release|Any CPU.ActiveCfg = Release|Any CPU
		{B2308C41-68B0-417B-6530-561F9C2358A9}.Release|Any CPU.Build.0 = Release|Any CPU
	EndGlobalSection
	GlobalSection(SolutionProperties) = preSolution
		HideSolutionNode = FALSE
	EndGlobalSection
	GlobalSection(MonoDevelopProperties) = preSolution
		StartupItem = Assembly-CSharp.csproj
	EndGlobalSection
EndGlobal
